
Microsoft Visual Studio Solution File, Format Version 12.00
# Visual Studio Version 17
VisualStudioVersion = 17.13.35825.156 d17.13
MinimumVisualStudioVersion = 10.0.40219.1
Project("{FAE04EC0-301F-11D3-BF4B-00C04F79EFBC}") = "TrafficFines", "TrafficFines.csproj", "{8327FE71-47A8-4B6B-91E1-F1B5E0EDF375}"
EndProject
Global
	GlobalSection(SolutionConfigurationPlatforms) = preSolution
		Debug|Any CPU = Debug|Any CPU
		Release|Any CPU = Release|Any CPU
	EndGlobalSection
	GlobalSection(ProjectConfigurationPlatforms) = postSolution
		{8327FE71-47A8-4B6B-91E1-F1B5E0EDF375}.Debug|Any CPU.ActiveCfg = Debug|Any CPU
		{8327FE71-47A8-4B6B-91E1-F1B5E0EDF375}.Debug|Any CPU.Build.0 = Debug|Any CPU
		{8327FE71-47A8-4B6B-91E1-F1B5E0EDF375}.Release|Any CPU.ActiveCfg = Release|Any CPU
		{8327FE71-47A8-4B6B-91E1-F1B5E0EDF375}.Release|Any CPU.Build.0 = Release|Any CPU
	EndGlobalSection
	GlobalSection(SolutionProperties) = preSolution
		HideSolutionNode = FALSE
	EndGlobalSection
	GlobalSection(ExtensibilityGlobals) = postSolution
		SolutionGuid = {076F5846-2A97-452D-B9EF-DE97973A53A3}
	EndGlobalSection
EndGlobal
